
Microsoft Visual Studio Solution File, Format Version 12.00
# Visual Studio Version 17
VisualStudioVersion = 17.1.32210.238
MinimumVisualStudioVersion = 10.0.40219.1
Project("{FAE04EC0-301F-11D3-BF4B-00C04F79EFBC}") = "z3_oof_patcher", "z3_oof_patcher.csproj", "{C144C1E3-FDFC-4364-9D11-0314F6FFF0FA}"
EndProject
Global
	GlobalSection(SolutionConfigurationPlatforms) = preSolution
		Debug|Any CPU = Debug|Any CPU
		Release|Any CPU = Release|Any CPU
	EndGlobalSection
	GlobalSection(ProjectConfigurationPlatforms) = postSolution
		{C144C1E3-FDFC-4364-9D11-0314F6FFF0FA}.Debug|Any CPU.ActiveCfg = Debug|Any CPU
		{C144C1E3-FDFC-4364-9D11-0314F6FFF0FA}.Debug|Any CPU.Build.0 = Debug|Any CPU
		{C144C1E3-FDFC-4364-9D11-0314F6FFF0FA}.Release|Any CPU.ActiveCfg = Release|Any CPU
		{C144C1E3-FDFC-4364-9D11-0314F6FFF0FA}.Release|Any CPU.Build.0 = Release|Any CPU
	EndGlobalSection
	GlobalSection(SolutionProperties) = preSolution
		HideSolutionNode = FALSE
	EndGlobalSection
	GlobalSection(ExtensibilityGlobals) = postSolution
		SolutionGuid = {41873850-7CC7-4776-AC91-269E4503FA4B}
	EndGlobalSection
EndGlobal
